{
  "R": {
    "Version": "4.4.1",
    "Repositories": [
      {
        "Name": "CRAN",
        "URL": "https://packagemanager.posit.co/cran/latest"
      }
    ]
  },
  "Bioconductor": {
    "Version": "3.20"
  },
  "Packages": {
    "BiocManager": {
      "Package": "BiocManager",
      "Version": "1.30.25",
      "Source": "Repository",
      "Repository": "CRAN",
      "Requirements": [
        "utils"
      ],
      "Hash": "3aec5928ca10897d7a0a1205aae64627"
    },
    "BiocVersion": {
      "Package": "BiocVersion",
      "Version": "3.20.0",
      "Source": "Bioconductor",
      "Repository": "Bioconductor 3.20",
      "Requirements": [
        "R"
      ],
      "Hash": "3c70eb3b78929c0ee452350cea8432a5"
    },
    "KernSmooth": {
      "Package": "KernSmooth",
      "Version": "2.23-24",
      "Source": "Repository",
      "Repository": "CRAN",
      "Requirements": [
        "R",
        "stats"
      ],
      "Hash": "9f33a1ee37bbe8919eb2ec4b9f2473a5"
    },
    "Matrix": {
      "Package": "Matrix",
      "Version": "1.7-1",
      "Source": "Repository",
      "Repository": "CRAN",
      "Requirements": [
        "R",
        "grDevices",
        "graphics",
        "grid",
        "lattice",
        "methods",
        "stats",
        "utils"
      ],
      "Hash": "5122bb14d8736372411f955e1b16bc8a"
    },
    "Rcpp": {
      "Package": "Rcpp",
      "Version": "1.0.13-1",
      "Source": "Repository",
      "Repository": "CRAN",
      "Requirements": [
        "methods",
        "utils"
      ],
      "Hash": "6b868847b365672d6c1677b1608da9ed"
    },
    "Rhdf5lib": {
      "Package": "Rhdf5lib",
      "Version": "1.28.0",
      "Source": "Bioconductor",
      "Repository": "Bioconductor 3.20",
      "Requirements": [
        "R"
      ],
      "Hash": "f5a052c32d0479a1c12460a4f45a2bfe"
    },
    "SQUAREM": {
      "Package": "SQUAREM",
      "Version": "2021.1",
      "Source": "Repository",
      "Repository": "CRAN",
      "Requirements": [
        "R"
      ],
      "Hash": "0cf10dab0d023d5b46a5a14387556891"
    },
    "cli": {
      "Package": "cli",
      "Version": "3.6.3",
      "Source": "Repository",
      "Repository": "CRAN",
      "Requirements": [
        "R",
        "utils"
      ],
      "Hash": "b21916dd77a27642b447374a5d30ecf3"
    },
    "codetools": {
      "Package": "codetools",
      "Version": "0.2-20",
      "Source": "Repository",
      "Repository": "CRAN",
      "Requirements": [
        "R"
      ],
      "Hash": "61e097f35917d342622f21cdc79c256e"
    },
    "data.table": {
      "Package": "data.table",
      "Version": "1.16.4",
      "Source": "Repository",
      "Repository": "CRAN",
      "Requirements": [
        "R",
        "methods"
      ],
      "Hash": "38bbf05fc2503143db4c734a7e5cab66"
    },
    "diagram": {
      "Package": "diagram",
      "Version": "1.6.5",
      "Source": "Repository",
      "Repository": "CRAN",
      "Requirements": [
        "R",
        "graphics",
        "shape",
        "stats"
      ],
      "Hash": "c7f527c59edc72c4bce63519b8d38752"
    },
    "digest": {
      "Package": "digest",
      "Version": "0.6.37",
      "Source": "Repository",
      "Repository": "CRAN",
      "Requirements": [
        "R",
        "utils"
      ],
      "Hash": "33698c4b3127fc9f506654607fb73676"
    },
    "future": {
      "Package": "future",
      "Version": "1.34.0",
      "Source": "Repository",
      "Repository": "CRAN",
      "Requirements": [
        "digest",
        "globals",
        "listenv",
        "parallel",
        "parallelly",
        "utils"
      ],
      "Hash": "475771e3edb711591476be387c9a8c2e"
    },
    "future.apply": {
      "Package": "future.apply",
      "Version": "1.11.3",
      "Source": "Repository",
      "Repository": "CRAN",
      "Requirements": [
        "R",
        "future",
        "globals",
        "parallel",
        "utils"
      ],
      "Hash": "0efead26b03bb60716ed29971b1953dc"
    },
    "globals": {
      "Package": "globals",
      "Version": "0.16.3",
      "Source": "Repository",
      "Repository": "CRAN",
      "Requirements": [
        "R",
        "codetools"
      ],
      "Hash": "2580567908cafd4f187c1e5a91e98b7f"
    },
    "lattice": {
      "Package": "lattice",
      "Version": "0.22-6",
      "Source": "Repository",
      "Repository": "CRAN",
      "Requirements": [
        "R",
        "grDevices",
        "graphics",
        "grid",
        "stats",
        "utils"
      ],
      "Hash": "cc5ac1ba4c238c7ca9fa6a87ca11a7e2"
    },
    "lava": {
      "Package": "lava",
      "Version": "1.8.0",
      "Source": "Repository",
      "Repository": "CRAN",
      "Requirements": [
        "R",
        "SQUAREM",
        "cli",
        "future.apply",
        "grDevices",
        "graphics",
        "methods",
        "numDeriv",
        "progressr",
        "stats",
        "survival",
        "utils"
      ],
      "Hash": "579303ca1e817d94cea694b319803380"
    },
    "listenv": {
      "Package": "listenv",
      "Version": "0.9.1",
      "Source": "Repository",
      "Repository": "CRAN",
      "Requirements": [
        "R"
      ],
      "Hash": "e2fca3e12e4db979dccc6e519b10a7ee"
    },
    "numDeriv": {
      "Package": "numDeriv",
      "Version": "2016.8-1.1",
      "Source": "Repository",
      "Repository": "CRAN",
      "Requirements": [
        "R"
      ],
      "Hash": "df58958f293b166e4ab885ebcad90e02"
    },
    "parallelly": {
      "Package": "parallelly",
      "Version": "1.40.1",
      "Source": "Repository",
      "Repository": "CRAN",
      "Requirements": [
        "parallel",
        "tools",
        "utils"
      ],
      "Hash": "9951cf3fcae168ebd0349ce4251508bd"
    },
    "prodlim": {
      "Package": "prodlim",
      "Version": "2024.06.25",
      "Source": "Repository",
      "Repository": "CRAN",
      "Requirements": [
        "KernSmooth",
        "R",
        "Rcpp",
        "data.table",
        "diagram",
        "grDevices",
        "graphics",
        "lava",
        "stats",
        "survival"
      ],
      "Hash": "d1e73a231e9442c29e21876f303382fc"
    },
    "progressr": {
      "Package": "progressr",
      "Version": "0.15.1",
      "Source": "Repository",
      "Repository": "CRAN",
      "Requirements": [
        "R",
        "digest",
        "utils"
      ],
      "Hash": "f8e9876b6ffff900e83f171081cacd6f"
    },
    "renv": {
      "Package": "renv",
      "Version": "1.0.11",
      "Source": "Repository",
      "Repository": "CRAN",
      "Requirements": [
        "utils"
      ],
      "Hash": "47623f66b4e80b3b0587bc5d7b309888"
    },
    "rhdf5": {
      "Package": "rhdf5",
      "Version": "2.50.2",
      "Source": "Bioconductor",
      "Repository": "Bioconductor 3.20",
      "Requirements": [
        "R",
        "Rhdf5lib",
        "methods",
        "rhdf5filters"
      ],
      "Hash": "525e1aa19c8bfdffdbf01b2bbd608dad"
    },
    "rhdf5filters": {
      "Package": "rhdf5filters",
      "Version": "1.18.0",
      "Source": "Bioconductor",
      "Repository": "Bioconductor 3.20",
      "Requirements": [
        "Rhdf5lib"
      ],
      "Hash": "9b5f34d79bd57b83f43672296062267f"
    },
    "shape": {
      "Package": "shape",
      "Version": "1.4.6.1",
      "Source": "Repository",
      "Repository": "CRAN",
      "Requirements": [
        "R",
        "grDevices",
        "graphics",
        "stats"
      ],
      "Hash": "5c47e84dc0a3ca761ae1d307889e796d"
    },
    "strawr": {
      "Package": "strawr",
      "Version": "0.0.92",
      "Source": "Repository",
      "Repository": "CRAN",
      "Requirements": [
        "R",
        "Rcpp"
      ],
      "Hash": "963a4258dfc7bfe75b1cc09c9bfd5708"
    },
    "survival": {
      "Package": "survival",
      "Version": "3.7-0",
      "Source": "Repository",
      "Repository": "CRAN",
      "Requirements": [
        "Matrix",
        "R",
        "graphics",
        "methods",
        "splines",
        "stats",
        "utils"
      ],
      "Hash": "5aaa9cbaf4aba20f8e06fdea1850a398"
    }
  }
}
